
Microsoft Visual Studio Solution File, Format Version 12.00
# Visual Studio Version 17
VisualStudioVersion = 17.3.32825.248
MinimumVisualStudioVersion = 10.0.40219.1
Project("{FAE04EC0-301F-11D3-BF4B-00C04F79EFBC}") = "Расчет поиска по секторам", "Расчет поиска по секторам\Расчет поиска по секторам.csproj", "{68C342F1-C55B-4CC3-A031-FA9DC038BBFD}"
EndProject
Global
	GlobalSection(SolutionConfigurationPlatforms) = preSolution
		Debug|Any CPU = Debug|Any CPU
		Release|Any CPU = Release|Any CPU
	EndGlobalSection
	GlobalSection(ProjectConfigurationPlatforms) = postSolution
		{68C342F1-C55B-4CC3-A031-FA9DC038BBFD}.Debug|Any CPU.ActiveCfg = Debug|Any CPU
		{68C342F1-C55B-4CC3-A031-FA9DC038BBFD}.Debug|Any CPU.Build.0 = Debug|Any CPU
		{68C342F1-C55B-4CC3-A031-FA9DC038BBFD}.Release|Any CPU.ActiveCfg = Release|Any CPU
		{68C342F1-C55B-4CC3-A031-FA9DC038BBFD}.Release|Any CPU.Build.0 = Release|Any CPU
	EndGlobalSection
	GlobalSection(SolutionProperties) = preSolution
		HideSolutionNode = FALSE
	EndGlobalSection
	GlobalSection(ExtensibilityGlobals) = postSolution
		SolutionGuid = {E031FCEB-EF9B-4891-AF9B-AEE31935A881}
	EndGlobalSection
EndGlobal
